
Microsoft Visual Studio Solution File, Format Version 12.00
# Visual Studio 15
VisualStudioVersion = 15.0.28307.329
MinimumVisualStudioVersion = 10.0.40219.1
Project("{FAE04EC0-301F-11D3-BF4B-00C04F79EFBC}") = "WarframeApp", "WarframeApp\WarframeApp.csproj", "{03518107-344A-4E46-B29B-22D6E9B5D002}"
EndProject
Global
	GlobalSection(SolutionConfigurationPlatforms) = preSolution
		Debug|Any CPU = Debug|Any CPU
		Release|Any CPU = Release|Any CPU
	EndGlobalSection
	GlobalSection(ProjectConfigurationPlatforms) = postSolution
		{03518107-344A-4E46-B29B-22D6E9B5D002}.Debug|Any CPU.ActiveCfg = Debug|Any CPU
		{03518107-344A-4E46-B29B-22D6E9B5D002}.Debug|Any CPU.Build.0 = Debug|Any CPU
		{03518107-344A-4E46-B29B-22D6E9B5D002}.Release|Any CPU.ActiveCfg = Release|Any CPU
		{03518107-344A-4E46-B29B-22D6E9B5D002}.Release|Any CPU.Build.0 = Release|Any CPU
	EndGlobalSection
	GlobalSection(SolutionProperties) = preSolution
		HideSolutionNode = FALSE
	EndGlobalSection
	GlobalSection(ExtensibilityGlobals) = postSolution
		SolutionGuid = {ACB448C6-4A02-40C8-91DF-47CB4BC0DCF5}
	EndGlobalSection
EndGlobal
